
Microsoft Visual Studio Solution File, Format Version 12.00
# Visual Studio Version 16
VisualStudioVersion = 16.0.32106.194
MinimumVisualStudioVersion = 10.0.40219.1
Project("{FAE04EC0-301F-11D3-BF4B-00C04F79EFBC}") = "BackendLahiye", "BackendLahiye.csproj", "{9F6463E7-3F3D-41BB-97F1-68B8B15A4ED5}"
EndProject
Global
	GlobalSection(SolutionConfigurationPlatforms) = preSolution
		Debug|Any CPU = Debug|Any CPU
		Release|Any CPU = Release|Any CPU
	EndGlobalSection
	GlobalSection(ProjectConfigurationPlatforms) = postSolution
		{9F6463E7-3F3D-41BB-97F1-68B8B15A4ED5}.Debug|Any CPU.ActiveCfg = Debug|Any CPU
		{9F6463E7-3F3D-41BB-97F1-68B8B15A4ED5}.Debug|Any CPU.Build.0 = Debug|Any CPU
		{9F6463E7-3F3D-41BB-97F1-68B8B15A4ED5}.Release|Any CPU.ActiveCfg = Release|Any CPU
		{9F6463E7-3F3D-41BB-97F1-68B8B15A4ED5}.Release|Any CPU.Build.0 = Release|Any CPU
	EndGlobalSection
	GlobalSection(SolutionProperties) = preSolution
		HideSolutionNode = FALSE
	EndGlobalSection
	GlobalSection(ExtensibilityGlobals) = postSolution
		SolutionGuid = {C92AD78B-4155-4A7E-A77B-AF95E1BE8AC2}
	EndGlobalSection
EndGlobal
